<?xml version="1.0" encoding="utf-8"?>
<Project ToolsVersion="4.0" xmlns="http://schemas.microsoft.com/developer/msbuild/2003">
  <ItemGroup>
    <Filter Include="Source Files">
      <UniqueIdentifier>{c75ebc4d-b79f-445d-b3f8-38b37fe8bfc2}</UniqueIdentifier>
    </Filter>
    <Filter Include="Header Files">
      <UniqueIdentifier>{c936c468-8f1b-4669-8623-bec7d13f31bf}</UniqueIdentifier>
    </Filter>
  </ItemGroup>
  <ItemGroup>
    <ClInclude Include="CMc5ArrayDimension.h">
      <Filter>Header Files</Filter>
    </ClInclude>
    <ClInclude Include="CMc5ArrayEnumerator.h">
      <Filter>Header Files</Filter>
    </ClInclude>
    <ClInclude Include="CMc5codeParser.h">
      <Filter>Header Files</Filter>
    </ClInclude>
    <ClInclude Include="s7p_db_parser.h">
      <Filter>Header Files</Filter>
    </ClInclude>
    <ClInclude Include="s7p_device_id_info_parser.h">
      <Filter>Header Files</Filter>
    </ClInclude>
    <ClInclude Include="s7p_parser.h">
      <Filter>Header Files</Filter>
    </ClInclude>
    <ClInclude Include="s7p_symbol_list_parser.h">
      <Filter>Header Files</Filter>
    </ClInclude>
    <ClInclude Include="CS7PError.h">
      <Filter>Header Files</Filter>
    </ClInclude>
  </ItemGroup>
  <ItemGroup>
    <ClCompile Include="CMc5codeParser.cpp">
      <Filter>Source Files</Filter>
    </ClCompile>
    <ClCompile Include="s7p_db_parser.cpp">
      <Filter>Source Files</Filter>
    </ClCompile>
    <ClCompile Include="s7p_device_id_info_parser.cpp">
      <Filter>Source Files</Filter>
    </ClCompile>
    <ClCompile Include="s7p_parser.cpp">
      <Filter>Source Files</Filter>
    </ClCompile>
    <ClCompile Include="s7p_symbol_list_parser.cpp">
      <Filter>Source Files</Filter>
    </ClCompile>
  </ItemGroup>
</Project>